{
  "name": "tsdoc2md",
  "version": "0.0.13",
  "lockfileVersion": 1,
  "requires": true,
  "dependencies": {
    "@microsoft/api-extractor": {
      "version": "7.3.4",
      "resolved": "https://registry.npm.taobao.org/@microsoft/api-extractor/download/@microsoft/api-extractor-7.3.4.tgz",
      "integrity": "sha1-mFXCVN/lpHE79ZNjtMP++AlFa4s=",
      "requires": {
        "@microsoft/api-extractor-model": "7.3.0",
        "@microsoft/node-core-library": "3.13.0",
        "@microsoft/ts-command-line": "4.2.6",
        "@microsoft/tsdoc": "0.12.10",
        "colors": "~1.2.1",
        "lodash": "~4.17.5",
        "resolve": "1.8.1",
        "source-map": "~0.6.1",
        "typescript": "~3.5.3"
      }
    },
    "@microsoft/api-extractor-model": {
      "version": "7.3.0",
      "resolved": "https://registry.npm.taobao.org/@microsoft/api-extractor-model/download/@microsoft/api-extractor-model-7.3.0.tgz",
      "integrity": "sha1-LqsKMnL0CCHxuB3v/cpfbjEbJFE=",
      "requires": {
        "@microsoft/node-core-library": "3.13.0",
        "@microsoft/tsdoc": "0.12.10",
        "@types/node": "8.5.8"
      },
      "dependencies": {
        "@types/node": {
          "version": "8.5.8",
          "resolved": "https://registry.npm.taobao.org/@types/node/download/@types/node-8.5.8.tgz",
          "integrity": "sha1-klCUImU/EOnArBjYfgYQs5+YIcc="
        }
      }
    },
    "@microsoft/node-core-library": {
      "version": "3.13.0",
      "resolved": "https://registry.npm.taobao.org/@microsoft/node-core-library/download/@microsoft/node-core-library-3.13.0.tgz",
      "integrity": "sha1-uiThYYIUncgXv1KohtIqztXNgHA=",
      "requires": {
        "@types/fs-extra": "5.0.4",
        "@types/jju": "~1.4.0",
        "@types/node": "8.5.8",
        "@types/z-schema": "3.16.31",
        "colors": "~1.2.1",
        "fs-extra": "~7.0.1",
        "jju": "~1.4.0",
        "z-schema": "~3.18.3"
      },
      "dependencies": {
        "@types/node": {
          "version": "8.5.8",
          "resolved": "https://registry.npm.taobao.org/@types/node/download/@types/node-8.5.8.tgz",
          "integrity": "sha1-klCUImU/EOnArBjYfgYQs5+YIcc="
        }
      }
    },
    "@microsoft/ts-command-line": {
      "version": "4.2.6",
      "resolved": "https://registry.npm.taobao.org/@microsoft/ts-command-line/download/@microsoft/ts-command-line-4.2.6.tgz",
      "integrity": "sha1-yIpdR0+MT0EVmM3xfSPBtgkOj+k=",
      "requires": {
        "@types/argparse": "1.0.33",
        "@types/node": "8.5.8",
        "argparse": "~1.0.9",
        "colors": "~1.2.1"
      },
      "dependencies": {
        "@types/node": {
          "version": "8.5.8",
          "resolved": "https://registry.npm.taobao.org/@types/node/download/@types/node-8.5.8.tgz",
          "integrity": "sha1-klCUImU/EOnArBjYfgYQs5+YIcc="
        }
      }
    },
    "@microsoft/tsdoc": {
      "version": "0.12.10",
      "resolved": "https://registry.npm.taobao.org/@microsoft/tsdoc/download/@microsoft/tsdoc-0.12.10.tgz",
      "integrity": "sha1-wOLIdcJKIdptNF0JGJ9d9KGAHYI="
    },
    "@types/argparse": {
      "version": "1.0.33",
      "resolved": "https://registry.npm.taobao.org/@types/argparse/download/@types/argparse-1.0.33.tgz",
      "integrity": "sha1-JyhmlCfN10qZ5TyfRXyihmo3xS0="
    },
    "@types/chalk": {
      "version": "2.2.0",
      "resolved": "https://registry.npm.taobao.org/@types/chalk/download/@types/chalk-2.2.0.tgz",
      "integrity": "sha1-t/bkRvRRECnujj9DB1+1tz+6oLo=",
      "dev": true,
      "requires": {
        "chalk": "*"
      }
    },
    "@types/fs-extra": {
      "version": "5.0.4",
      "resolved": "https://registry.npm.taobao.org/@types/fs-extra/download/@types/fs-extra-5.0.4.tgz",
      "integrity": "sha1-uXETTRYswEl9Ihrd49u2dQIiVZk=",
      "requires": {
        "@types/node": "*"
      }
    },
    "@types/jju": {
      "version": "1.4.1",
      "resolved": "https://registry.npm.taobao.org/@types/jju/download/@types/jju-1.4.1.tgz",
      "integrity": "sha1-Cjn1+OhP7EYVCnucqYXD+JrZjp8="
    },
    "@types/lodash": {
      "version": "4.14.136",
      "resolved": "https://registry.npm.taobao.org/@types/lodash/download/@types/lodash-4.14.136.tgz",
      "integrity": "sha1-QT6FCJBGuGXZYMn/HUAOBMMatg8=",
      "dev": true
    },
    "@types/node": {
      "version": "12.6.8",
      "resolved": "https://registry.npm.taobao.org/@types/node/download/@types/node-12.6.8.tgz",
      "integrity": "sha1-5Gm0v50cmDKu5JB7qKBRSUNXwSw="
    },
    "@types/z-schema": {
      "version": "3.16.31",
      "resolved": "https://registry.npm.taobao.org/@types/z-schema/download/@types/z-schema-3.16.31.tgz",
      "integrity": "sha1-LrHQCl5Ow/pYx2r94S4YK2bcXBw="
    },
    "ansi-styles": {
      "version": "3.2.1",
      "resolved": "https://registry.npm.taobao.org/ansi-styles/download/ansi-styles-3.2.1.tgz",
      "integrity": "sha1-QfuyAkPlCxK+DwS43tvwdSDOhB0=",
      "requires": {
        "color-convert": "^1.9.0"
      }
    },
    "argparse": {
      "version": "1.0.10",
      "resolved": "http://registry.npm.taobao.org/argparse/download/argparse-1.0.10.tgz",
      "integrity": "sha1-vNZ5HqWuCXJeF+WtmIE0zUCz2RE=",
      "requires": {
        "sprintf-js": "~1.0.2"
      }
    },
    "chalk": {
      "version": "2.4.2",
      "resolved": "http://registry.npm.taobao.org/chalk/download/chalk-2.4.2.tgz",
      "integrity": "sha1-zUJUFnelQzPPVBpJEIwUMrRMlCQ=",
      "requires": {
        "ansi-styles": "^3.2.1",
        "escape-string-regexp": "^1.0.5",
        "supports-color": "^5.3.0"
      }
    },
    "color-convert": {
      "version": "1.9.3",
      "resolved": "http://registry.npm.taobao.org/color-convert/download/color-convert-1.9.3.tgz",
      "integrity": "sha1-u3GFBpDh8TZWfeYp0tVHHe2kweg=",
      "requires": {
        "color-name": "1.1.3"
      }
    },
    "color-name": {
      "version": "1.1.3",
      "resolved": "http://registry.npm.taobao.org/color-name/download/color-name-1.1.3.tgz",
      "integrity": "sha1-p9BVi9icQveV3UIyj3QIMcpTvCU="
    },
    "colors": {
      "version": "1.2.5",
      "resolved": "http://registry.npm.taobao.org/colors/download/colors-1.2.5.tgz",
      "integrity": "sha1-icetmjdLwDDfgBMkH2gTbtiDWvw="
    },
    "commander": {
      "version": "2.20.0",
      "resolved": "https://registry.npm.taobao.org/commander/download/commander-2.20.0.tgz",
      "integrity": "sha1-1YuytcHuj4ew00ACfp6U4iLFpCI=",
      "optional": true
    },
    "escape-string-regexp": {
      "version": "1.0.5",
      "resolved": "https://registry.npm.taobao.org/escape-string-regexp/download/escape-string-regexp-1.0.5.tgz",
      "integrity": "sha1-G2HAViGQqN/2rjuyzwIAyhMLhtQ="
    },
    "fs-extra": {
      "version": "7.0.1",
      "resolved": "https://registry.npm.taobao.org/fs-extra/download/fs-extra-7.0.1.tgz",
      "integrity": "sha1-TxicRKoSO4lfcigE9V6iPq3DSOk=",
      "requires": {
        "graceful-fs": "^4.1.2",
        "jsonfile": "^4.0.0",
        "universalify": "^0.1.0"
      }
    },
    "graceful-fs": {
      "version": "4.2.0",
      "resolved": "https://registry.npm.taobao.org/graceful-fs/download/graceful-fs-4.2.0.tgz",
      "integrity": "sha1-jY/cc5d8sEEEchy1NmbBymTNMos="
    },
    "has-flag": {
      "version": "3.0.0",
      "resolved": "https://registry.npm.taobao.org/has-flag/download/has-flag-3.0.0.tgz",
      "integrity": "sha1-tdRU3CGZriJWmfNGfloH87lVuv0="
    },
    "jju": {
      "version": "1.4.0",
      "resolved": "https://registry.npm.taobao.org/jju/download/jju-1.4.0.tgz",
      "integrity": "sha1-o6vicYryQaKykE+EpiWXDzia4yo="
    },
    "jsonfile": {
      "version": "4.0.0",
      "resolved": "http://registry.npm.taobao.org/jsonfile/download/jsonfile-4.0.0.tgz",
      "integrity": "sha1-h3Gq4HmbZAdrdmQPygWPnBDjPss=",
      "requires": {
        "graceful-fs": "^4.1.6"
      }
    },
    "lodash": {
      "version": "4.17.19",
      "resolved": "https://registry.npmjs.org/lodash/-/lodash-4.17.19.tgz",
      "integrity": "sha512-JNvd8XER9GQX0v2qJgsaN/mzFCNA5BRe/j8JN9d+tWyGLSodKQHKFicdwNYzWwI3wjRnaKPsGj1XkBjx/F96DQ=="
    },
    "lodash.get": {
      "version": "4.4.2",
      "resolved": "http://registry.npm.taobao.org/lodash.get/download/lodash.get-4.4.2.tgz",
      "integrity": "sha1-LRd/ZS+jHpObRDjVNBSZ36OCXpk="
    },
    "lodash.isequal": {
      "version": "4.5.0",
      "resolved": "http://registry.npm.taobao.org/lodash.isequal/download/lodash.isequal-4.5.0.tgz",
      "integrity": "sha1-QVxEePK8wwEgwizhDtMib30+GOA="
    },
    "path-parse": {
      "version": "1.0.6",
      "resolved": "http://registry.npm.taobao.org/path-parse/download/path-parse-1.0.6.tgz",
      "integrity": "sha1-1i27VnlAXXLEc37FhgDp3c8G0kw="
    },
    "resolve": {
      "version": "1.8.1",
      "resolved": "https://registry.npm.taobao.org/resolve/download/resolve-1.8.1.tgz",
      "integrity": "sha1-gvHsGaQjrB+9CAsLqwa6NuhKeiY=",
      "requires": {
        "path-parse": "^1.0.5"
      }
    },
    "source-map": {
      "version": "0.6.1",
      "resolved": "http://registry.npm.taobao.org/source-map/download/source-map-0.6.1.tgz",
      "integrity": "sha1-dHIq8y6WFOnCh6jQu95IteLxomM="
    },
    "sprintf-js": {
      "version": "1.0.3",
      "resolved": "http://registry.npm.taobao.org/sprintf-js/download/sprintf-js-1.0.3.tgz",
      "integrity": "sha1-BOaSb2YolTVPPdAVIDYzuFcpfiw="
    },
    "supports-color": {
      "version": "5.5.0",
      "resolved": "https://registry.npm.taobao.org/supports-color/download/supports-color-5.5.0.tgz",
      "integrity": "sha1-4uaaRKyHcveKHsCzW2id9lMO/I8=",
      "requires": {
        "has-flag": "^3.0.0"
      }
    },
    "typescript": {
      "version": "3.5.3",
      "resolved": "https://registry.npm.taobao.org/typescript/download/typescript-3.5.3.tgz",
      "integrity": "sha1-yDD2V/k/HqhGgZ6SkJL1/lmD6Xc="
    },
    "universalify": {
      "version": "0.1.2",
      "resolved": "https://registry.npm.taobao.org/universalify/download/universalify-0.1.2.tgz",
      "integrity": "sha1-tkb2m+OULavOzJ1mOcgNwQXvqmY="
    },
    "validator": {
      "version": "8.2.0",
      "resolved": "https://registry.npm.taobao.org/validator/download/validator-8.2.0.tgz",
      "integrity": "sha1-PBI3KQ43CSNVNE/veMIxJJ2rd7k="
    },
    "z-schema": {
      "version": "3.18.4",
      "resolved": "https://registry.npm.taobao.org/z-schema/download/z-schema-3.18.4.tgz?cache=0&other_urls=https%3A%2F%2Fregistry.npm.taobao.org%2Fz-schema%2Fdownload%2Fz-schema-3.18.4.tgz",
      "integrity": "sha1-6oEysnlTPuYL4khaAvfj5CVBqaI=",
      "requires": {
        "commander": "^2.7.1",
        "lodash.get": "^4.0.0",
        "lodash.isequal": "^4.0.0",
        "validator": "^8.0.0"
      }
    }
  }
}
